
Microsoft Visual Studio Solution File, Format Version 12.00
# Visual Studio Version 16
VisualStudioVersion = 16.0.30907.101
MinimumVisualStudioVersion = 10.0.40219.1
Project("{FAE04EC0-301F-11D3-BF4B-00C04F79EFBC}") = "Examen practico 1er corte", "Examen practico 1er corte\Examen practico 1er corte.csproj", "{AAC2F30D-3953-4C25-BABE-52C7E459C279}"
EndProject
Global
	GlobalSection(SolutionConfigurationPlatforms) = preSolution
		Debug|Any CPU = Debug|Any CPU
		Release|Any CPU = Release|Any CPU
	EndGlobalSection
	GlobalSection(ProjectConfigurationPlatforms) = postSolution
		{AAC2F30D-3953-4C25-BABE-52C7E459C279}.Debug|Any CPU.ActiveCfg = Debug|Any CPU
		{AAC2F30D-3953-4C25-BABE-52C7E459C279}.Debug|Any CPU.Build.0 = Debug|Any CPU
		{AAC2F30D-3953-4C25-BABE-52C7E459C279}.Release|Any CPU.ActiveCfg = Release|Any CPU
		{AAC2F30D-3953-4C25-BABE-52C7E459C279}.Release|Any CPU.Build.0 = Release|Any CPU
	EndGlobalSection
	GlobalSection(SolutionProperties) = preSolution
		HideSolutionNode = FALSE
	EndGlobalSection
	GlobalSection(ExtensibilityGlobals) = postSolution
		SolutionGuid = {A8E7C840-3AD7-40BF-AEDA-9F0F01F53F19}
	EndGlobalSection
EndGlobal
